// !$*UTF8*$!
{
	archiveVersion = 1;
	classes = {
	};
	objectVersion = 46;
	objects = {

/* Begin PBXBuildFile section */
		69304B0418D4923100E9B152 /* Foundation.framework in Frameworks */ = {isa = PBXBuildFile; fileRef = 69304B0318D4923100E9B152 /* Foundation.framework */; };
		69304B0618D4923100E9B152 /* CoreGraphics.framework in Frameworks */ = {isa = PBXBuildFile; fileRef = 69304B0518D4923100E9B152 /* CoreGraphics.framework */; };
		69304B0818D4923100E9B152 /* UIKit.framework in Frameworks */ = {isa = PBXBuildFile; fileRef = 69304B0718D4923100E9B152 /* UIKit.framework */; };
		69304B0A18D4923100E9B152 /* SpriteKit.framework in Frameworks */ = {isa = PBXBuildFile; fileRef = 69304B0918D4923100E9B152 /* SpriteKit.framework */; };
		69304B1018D4923100E9B152 /* InfoPlist.strings in Resources */ = {isa = PBXBuildFile; fileRef = 69304B0E18D4923100E9B152 /* InfoPlist.strings */; };
		69304B1218D4923100E9B152 /* main.m in Sources */ = {isa = PBXBuildFile; fileRef = 69304B1118D4923100E9B152 /* main.m */; };
		69304B1618D4923100E9B152 /* IIAppDelegate.m in Sources */ = {isa = PBXBuildFile; fileRef = 69304B1518D4923100E9B152 /* IIAppDelegate.m */; };
		69304B1918D4923100E9B152 /* Main.storyboard in Resources */ = {isa = PBXBuildFile; fileRef = 69304B1718D4923100E9B152 /* Main.storyboard */; };
		69304B1C18D4923100E9B152 /* IIViewController.m in Sources */ = {isa = PBXBuildFile; fileRef = 69304B1B18D4923100E9B152 /* IIViewController.m */; };
		69304B1F18D4923100E9B152 /* IIMyScene.m in Sources */ = {isa = PBXBuildFile; fileRef = 69304B1E18D4923100E9B152 /* IIMyScene.m */; };
		69304B2118D4923100E9B152 /* Spaceship.png in Resources */ = {isa = PBXBuildFile; fileRef = 69304B2018D4923100E9B152 /* Spaceship.png */; };
		69304B2318D4923100E9B152 /* Images.xcassets in Resources */ = {isa = PBXBuildFile; fileRef = 69304B2218D4923100E9B152 /* Images.xcassets */; };
		69304B2A18D4923100E9B152 /* XCTest.framework in Frameworks */ = {isa = PBXBuildFile; fileRef = 69304B2918D4923100E9B152 /* XCTest.framework */; };
		69304B2B18D4923100E9B152 /* Foundation.framework in Frameworks */ = {isa = PBXBuildFile; fileRef = 69304B0318D4923100E9B152 /* Foundation.framework */; };
		69304B2C18D4923100E9B152 /* UIKit.framework in Frameworks */ = {isa = PBXBuildFile; fileRef = 69304B0718D4923100E9B152 /* UIKit.framework */; };
		69304B3418D4923100E9B152 /* InfoPlist.strings in Resources */ = {isa = PBXBuildFile; fileRef = 69304B3218D4923100E9B152 /* InfoPlist.strings */; };
		69304B3618D4923100E9B152 /* ScrollStudderingExampleTests.m in Sources */ = {isa = PBXBuildFile; fileRef = 69304B3518D4923100E9B152 /* ScrollStudderingExampleTests.m */; };
/* End PBXBuildFile section */

/* Begin PBXContainerItemProxy section */
		69304B2D18D4923100E9B152 /* PBXContainerItemProxy */ = {
			isa = PBXContainerItemProxy;
			containerPortal = 69304AF818D4923100E9B152 /* Project object */;
			proxyType = 1;
			remoteGlobalIDString = 69304AFF18D4923100E9B152;
			remoteInfo = ScrollStudderingExample;
		};
/* End PBXContainerItemProxy section */

/* Begin PBXFileReference section */
		69304B0018D4923100E9B152 /* ScrollStudderingExample.app */ = {isa = PBXFileReference; explicitFileType = wrapper.application; includeInIndex = 0; path = ScrollStudderingExample.app; sourceTree = BUILT_PRODUCTS_DIR; };
		69304B0318D4923100E9B152 /* Foundation.framework */ = {isa = PBXFileReference; lastKnownFileType = wrapper.framework; name = Foundation.framework; path = System/Library/Frameworks/Foundation.framework; sourceTree = SDKROOT; };
		69304B0518D4923100E9B152 /* CoreGraphics.framework */ = {isa = PBXFileReference; lastKnownFileType = wrapper.framework; name = CoreGraphics.framework; path = System/Library/Frameworks/CoreGraphics.framework; sourceTree = SDKROOT; };
		69304B0718D4923100E9B152 /* UIKit.framework */ = {isa = PBXFileReference; lastKnownFileType = wrapper.framework; name = UIKit.framework; path = System/Library/Frameworks/UIKit.framework; sourceTree = SDKROOT; };
		69304B0918D4923100E9B152 /* SpriteKit.framework */ = {isa = PBXFileReference; lastKnownFileType = wrapper.framework; name = SpriteKit.framework; path = System/Library/Frameworks/SpriteKit.framework; sourceTree = SDKROOT; };
		69304B0D18D4923100E9B152 /* ScrollStudderingExample-Info.plist */ = {isa = PBXFileReference; lastKnownFileType = text.plist.xml; path = "ScrollStudderingExample-Info.plist"; sourceTree = "<group>"; };
		69304B0F18D4923100E9B152 /* en */ = {isa = PBXFileReference; lastKnownFileType = text.plist.strings; name = en; path = en.lproj/InfoPlist.strings; sourceTree = "<group>"; };
		69304B1118D4923100E9B152 /* main.m */ = {isa = PBXFileReference; lastKnownFileType = sourcecode.c.objc; path = main.m; sourceTree = "<group>"; };
		69304B1318D4923100E9B152 /* ScrollStudderingExample-Prefix.pch */ = {isa = PBXFileReference; lastKnownFileType = sourcecode.c.h; path = "ScrollStudderingExample-Prefix.pch"; sourceTree = "<group>"; };
		69304B1418D4923100E9B152 /* IIAppDelegate.h */ = {isa = PBXFileReference; lastKnownFileType = sourcecode.c.h; path = IIAppDelegate.h; sourceTree = "<group>"; };
		69304B1518D4923100E9B152 /* IIAppDelegate.m */ = {isa = PBXFileReference; lastKnownFileType = sourcecode.c.objc; path = IIAppDelegate.m; sourceTree = "<group>"; };
		69304B1818D4923100E9B152 /* Base */ = {isa = PBXFileReference; lastKnownFileType = file.storyboard; name = Base; path = Base.lproj/Main.storyboard; sourceTree = "<group>"; };
		69304B1A18D4923100E9B152 /* IIViewController.h */ = {isa = PBXFileReference; lastKnownFileType = sourcecode.c.h; path = IIViewController.h; sourceTree = "<group>"; };
		69304B1B18D4923100E9B152 /* IIViewController.m */ = {isa = PBXFileReference; lastKnownFileType = sourcecode.c.objc; path = IIViewController.m; sourceTree = "<group>"; };
		69304B1D18D4923100E9B152 /* IIMyScene.h */ = {isa = PBXFileReference; lastKnownFileType = sourcecode.c.h; path = IIMyScene.h; sourceTree = "<group>"; };
		69304B1E18D4923100E9B152 /* IIMyScene.m */ = {isa = PBXFileReference; lastKnownFileType = sourcecode.c.objc; path = IIMyScene.m; sourceTree = "<group>"; };
		69304B2018D4923100E9B152 /* Spaceship.png */ = {isa = PBXFileReference; lastKnownFileType = image.png; path = Spaceship.png; sourceTree = "<group>"; };
		69304B2218D4923100E9B152 /* Images.xcassets */ = {isa = PBXFileReference; lastKnownFileType = folder.assetcatalog; path = Images.xcassets; sourceTree = "<group>"; };
		69304B2818D4923100E9B152 /* ScrollStudderingExampleTests.xctest */ = {isa = PBXFileReference; explicitFileType = wrapper.cfbundle; includeInIndex = 0; path = ScrollStudderingExampleTests.xctest; sourceTree = BUILT_PRODUCTS_DIR; };
		69304B2918D4923100E9B152 /* XCTest.framework */ = {isa = PBXFileReference; lastKnownFileType = wrapper.framework; name = XCTest.framework; path = Library/Frameworks/XCTest.framework; sourceTree = DEVELOPER_DIR; };
		69304B3118D4923100E9B152 /* ScrollStudderingExampleTests-Info.plist */ = {isa = PBXFileReference; lastKnownFileType = text.plist.xml; path = "ScrollStudderingExampleTests-Info.plist"; sourceTree = "<group>"; };
		69304B3318D4923100E9B152 /* en */ = {isa = PBXFileReference; lastKnownFileType = text.plist.strings; name = en; path = en.lproj/InfoPlist.strings; sourceTree = "<group>"; };
		69304B3518D4923100E9B152 /* ScrollStudderingExampleTests.m */ = {isa = PBXFileReference; lastKnownFileType = sourcecode.c.objc; path = ScrollStudderingExampleTests.m; sourceTree = "<group>"; };
/* End PBXFileReference section */

/* Begin PBXFrameworksBuildPhase section */
		69304AFD18D4923100E9B152 /* Frameworks */ = {
			isa = PBXFrameworksBuildPhase;
			buildActionMask = 2147483647;
			files = (
				69304B0618D4923100E9B152 /* CoreGraphics.framework in Frameworks */,
				69304B0818D4923100E9B152 /* UIKit.framework in Frameworks */,
				69304B0A18D4923100E9B152 /* SpriteKit.framework in Frameworks */,
				69304B0418D4923100E9B152 /* Foundation.framework in Frameworks */,
			);
			runOnlyForDeploymentPostprocessing = 0;
		};
		69304B2518D4923100E9B152 /* Frameworks */ = {
			isa = PBXFrameworksBuildPhase;
			buildActionMask = 2147483647;
			files = (
				69304B2A18D4923100E9B152 /* XCTest.framework in Frameworks */,
				69304B2C18D4923100E9B152 /* UIKit.framework in Frameworks */,
				69304B2B18D4923100E9B152 /* Foundation.framework in Frameworks */,
			);
			runOnlyForDeploymentPostprocessing = 0;
		};
/* End PBXFrameworksBuildPhase section */

/* Begin PBXGroup section */
		69304AF718D4923100E9B152 = {
			isa = PBXGroup;
			children = (
				69304B0B18D4923100E9B152 /* ScrollStudderingExample */,
				69304B2F18D4923100E9B152 /* ScrollStudderingExampleTests */,
				69304B0218D4923100E9B152 /* Frameworks */,
				69304B0118D4923100E9B152 /* Products */,
			);
			sourceTree = "<group>";
		};
		69304B0118D4923100E9B152 /* Products */ = {
			isa = PBXGroup;
			children = (
				69304B0018D4923100E9B152 /* ScrollStudderingExample.app */,
				69304B2818D4923100E9B152 /* ScrollStudderingExampleTests.xctest */,
			);
			name = Products;
			sourceTree = "<group>";
		};
		69304B0218D4923100E9B152 /* Frameworks */ = {
			isa = PBXGroup;
			children = (
				69304B0318D4923100E9B152 /* Foundation.framework */,
				69304B0518D4923100E9B152 /* CoreGraphics.framework */,
				69304B0718D4923100E9B152 /* UIKit.framework */,
				69304B0918D4923100E9B152 /* SpriteKit.framework */,
				69304B2918D4923100E9B152 /* XCTest.framework */,
			);
			name = Frameworks;
			sourceTree = "<group>";
		};
		69304B0B18D4923100E9B152 /* ScrollStudderingExample */ = {
			isa = PBXGroup;
			children = (
				69304B1418D4923100E9B152 /* IIAppDelegate.h */,
				69304B1518D4923100E9B152 /* IIAppDelegate.m */,
				69304B1718D4923100E9B152 /* Main.storyboard */,
				69304B1A18D4923100E9B152 /* IIViewController.h */,
				69304B1B18D4923100E9B152 /* IIViewController.m */,
				69304B1D18D4923100E9B152 /* IIMyScene.h */,
				69304B1E18D4923100E9B152 /* IIMyScene.m */,
				69304B2018D4923100E9B152 /* Spaceship.png */,
				69304B2218D4923100E9B152 /* Images.xcassets */,
				69304B0C18D4923100E9B152 /* Supporting Files */,
			);
			path = ScrollStudderingExample;
			sourceTree = "<group>";
		};
		69304B0C18D4923100E9B152 /* Supporting Files */ = {
			isa = PBXGroup;
			children = (
				69304B0D18D4923100E9B152 /* ScrollStudderingExample-Info.plist */,
				69304B0E18D4923100E9B152 /* InfoPlist.strings */,
				69304B1118D4923100E9B152 /* main.m */,
				69304B1318D4923100E9B152 /* ScrollStudderingExample-Prefix.pch */,
			);
			name = "Supporting Files";
			sourceTree = "<group>";
		};
		69304B2F18D4923100E9B152 /* ScrollStudderingExampleTests */ = {
			isa = PBXGroup;
			children = (
				69304B3518D4923100E9B152 /* ScrollStudderingExampleTests.m */,
				69304B3018D4923100E9B152 /* Supporting Files */,
			);
			path = ScrollStudderingExampleTests;
			sourceTree = "<group>";
		};
		69304B3018D4923100E9B152 /* Supporting Files */ = {
			isa = PBXGroup;
			children = (
				69304B3118D4923100E9B152 /* ScrollStudderingExampleTests-Info.plist */,
				69304B3218D4923100E9B152 /* InfoPlist.strings */,
			);
			name = "Supporting Files";
			sourceTree = "<group>";
		};
/* End PBXGroup section */

/* Begin PBXNativeTarget section */
		69304AFF18D4923100E9B152 /* ScrollStudderingExample */ = {
			isa = PBXNativeTarget;
			buildConfigurationList = 69304B3918D4923100E9B152 /* Build configuration list for PBXNativeTarget "ScrollStudderingExample" */;
			buildPhases = (
				69304AFC18D4923100E9B152 /* Sources */,
				69304AFD18D4923100E9B152 /* Frameworks */,
				69304AFE18D4923100E9B152 /* Resources */,
			);
			buildRules = (
			);
			dependencies = (
			);
			name = ScrollStudderingExample;
			productName = ScrollStudderingExample;
			productReference = 69304B0018D4923100E9B152 /* ScrollStudderingExample.app */;
			productType = "com.apple.product-type.application";
		};
		69304B2718D4923100E9B152 /* ScrollStudderingExampleTests */ = {
			isa = PBXNativeTarget;
			buildConfigurationList = 69304B3C18D4923100E9B152 /* Build configuration list for PBXNativeTarget "ScrollStudderingExampleTests" */;
			buildPhases = (
				69304B2418D4923100E9B152 /* Sources */,
				69304B2518D4923100E9B152 /* Frameworks */,
				69304B2618D4923100E9B152 /* Resources */,
			);
			buildRules = (
			);
			dependencies = (
				69304B2E18D4923100E9B152 /* PBXTargetDependency */,
			);
			name = ScrollStudderingExampleTests;
			productName = ScrollStudderingExampleTests;
			productReference = 69304B2818D4923100E9B152 /* ScrollStudderingExampleTests.xctest */;
			productType = "com.apple.product-type.bundle.unit-test";
		};
/* End PBXNativeTarget section */

/* Begin PBXProject section */
		69304AF818D4923100E9B152 /* Project object */ = {
			isa = PBXProject;
			attributes = {
				CLASSPREFIX = II;
				LastUpgradeCheck = 0510;
				ORGANIZATIONNAME = "IMGNRY International AB";
				TargetAttributes = {
					69304B2718D4923100E9B152 = {
						TestTargetID = 69304AFF18D4923100E9B152;
					};
				};
			};
			buildConfigurationList = 69304AFB18D4923100E9B152 /* Build configuration list for PBXProject "ScrollStudderingExample" */;
			compatibilityVersion = "Xcode 3.2";
			developmentRegion = English;
			hasScannedForEncodings = 0;
			knownRegions = (
				en,
				Base,
			);
			mainGroup = 69304AF718D4923100E9B152;
			productRefGroup = 69304B0118D4923100E9B152 /* Products */;
			projectDirPath = "";
			projectRoot = "";
			targets = (
				69304AFF18D4923100E9B152 /* ScrollStudderingExample */,
				69304B2718D4923100E9B152 /* ScrollStudderingExampleTests */,
			);
		};
/* End PBXProject section */

/* Begin PBXResourcesBuildPhase section */
		69304AFE18D4923100E9B152 /* Resources */ = {
			isa = PBXResourcesBuildPhase;
			buildActionMask = 2147483647;
			files = (
				69304B1018D4923100E9B152 /* InfoPlist.strings in Resources */,
				69304B2318D4923100E9B152 /* Images.xcassets in Resources */,
				69304B2118D4923100E9B152 /* Spaceship.png in Resources */,
				69304B1918D4923100E9B152 /* Main.storyboard in Resources */,
			);
			runOnlyForDeploymentPostprocessing = 0;
		};
		69304B2618D4923100E9B152 /* Resources */ = {
			isa = PBXResourcesBuildPhase;
			buildActionMask = 2147483647;
			files = (
				69304B3418D4923100E9B152 /* InfoPlist.strings in Resources */,
			);
			runOnlyForDeploymentPostprocessing = 0;
		};
/* End PBXResourcesBuildPhase section */

/* Begin PBXSourcesBuildPhase section */
		69304AFC18D4923100E9B152 /* Sources */ = {
			isa = PBXSourcesBuildPhase;
			buildActionMask = 2147483647;
			files = (
				69304B1F18D4923100E9B152 /* IIMyScene.m in Sources */,
				69304B1618D4923100E9B152 /* IIAppDelegate.m in Sources */,
				69304B1218D4923100E9B152 /* main.m in Sources */,
				69304B1C18D4923100E9B152 /* IIViewController.m in Sources */,
			);
			runOnlyForDeploymentPostprocessing = 0;
		};
		69304B2418D4923100E9B152 /* Sources */ = {
			isa = PBXSourcesBuildPhase;
			buildActionMask = 2147483647;
			files = (
				69304B3618D4923100E9B152 /* ScrollStudderingExampleTests.m in Sources */,
			);
			runOnlyForDeploymentPostprocessing = 0;
		};
/* End PBXSourcesBuildPhase section */

/* Begin PBXTargetDependency section */
		69304B2E18D4923100E9B152 /* PBXTargetDependency */ = {
			isa = PBXTargetDependency;
			target = 69304AFF18D4923100E9B152 /* ScrollStudderingExample */;
			targetProxy = 69304B2D18D4923100E9B152 /* PBXContainerItemProxy */;
		};
/* End PBXTargetDependency section */

/* Begin PBXVariantGroup section */
		69304B0E18D4923100E9B152 /* InfoPlist.strings */ = {
			isa = PBXVariantGroup;
			children = (
				69304B0F18D4923100E9B152 /* en */,
			);
			name = InfoPlist.strings;
			sourceTree = "<group>";
		};
		69304B1718D4923100E9B152 /* Main.storyboard */ = {
			isa = PBXVariantGroup;
			children = (
				69304B1818D4923100E9B152 /* Base */,
			);
			name = Main.storyboard;
			sourceTree = "<group>";
		};
		69304B3218D4923100E9B152 /* InfoPlist.strings */ = {
			isa = PBXVariantGroup;
			children = (
				69304B3318D4923100E9B152 /* en */,
			);
			name = InfoPlist.strings;
			sourceTree = "<group>";
		};
/* End PBXVariantGroup section */

/* Begin XCBuildConfiguration section */
		69304B3718D4923100E9B152 /* Debug */ = {
			isa = XCBuildConfiguration;
			buildSettings = {
				ALWAYS_SEARCH_USER_PATHS = NO;
				CLANG_CXX_LANGUAGE_STANDARD = "gnu++0x";
				CLANG_CXX_LIBRARY = "libc++";
				CLANG_ENABLE_MODULES = YES;
				CLANG_ENABLE_OBJC_ARC = YES;
				CLANG_WARN_BOOL_CONVERSION = YES;
				CLANG_WARN_CONSTANT_CONVERSION = YES;
				CLANG_WARN_DIRECT_OBJC_ISA_USAGE = YES_ERROR;
				CLANG_WARN_EMPTY_BODY = YES;
				CLANG_WARN_ENUM_CONVERSION = YES;
				CLANG_WARN_INT_CONVERSION = YES;
				CLANG_WARN_OBJC_ROOT_CLASS = YES_ERROR;
				CLANG_WARN__DUPLICATE_METHOD_MATCH = YES;
				"CODE_SIGN_IDENTITY[sdk=iphoneos*]" = "iPhone Developer";
				COPY_PHASE_STRIP = NO;
				GCC_C_LANGUAGE_STANDARD = gnu99;
				GCC_DYNAMIC_NO_PIC = NO;
				GCC_OPTIMIZATION_LEVEL = 0;
				GCC_PREPROCESSOR_DEFINITIONS = (
					"DEBUG=1",
					"$(inherited)",
				);
				GCC_SYMBOLS_PRIVATE_EXTERN = NO;
				GCC_WARN_64_TO_32_BIT_CONVERSION = YES;
				GCC_WARN_ABOUT_RETURN_TYPE = YES_ERROR;
				GCC_WARN_UNDECLARED_SELECTOR = YES;
				GCC_WARN_UNINITIALIZED_AUTOS = YES_AGGRESSIVE;
				GCC_WARN_UNUSED_FUNCTION = YES;
				GCC_WARN_UNUSED_VARIABLE = YES;
				IPHONEOS_DEPLOYMENT_TARGET = 7.1;
				ONLY_ACTIVE_ARCH = YES;
				SDKROOT = iphoneos;
			};
			name = Debug;
		};
		69304B3818D4923100E9B152 /* Release */ = {
			isa = XCBuildConfiguration;
			buildSettings = {
				ALWAYS_SEARCH_USER_PATHS = NO;
				CLANG_CXX_LANGUAGE_STANDARD = "gnu++0x";
				CLANG_CXX_LIBRARY = "libc++";
				CLANG_ENABLE_MODULES = YES;
				CLANG_ENABLE_OBJC_ARC = YES;
				CLANG_WARN_BOOL_CONVERSION = YES;
				CLANG_WARN_CONSTANT_CONVERSION = YES;
				CLANG_WARN_DIRECT_OBJC_ISA_USAGE = YES_ERROR;
				CLANG_WARN_EMPTY_BODY = YES;
				CLANG_WARN_ENUM_CONVERSION = YES;
				CLANG_WARN_INT_CONVERSION = YES;
				CLANG_WARN_OBJC_ROOT_CLASS = YES_ERROR;
				CLANG_WARN__DUPLICATE_METHOD_MATCH = YES;
				"CODE_SIGN_IDENTITY[sdk=iphoneos*]" = "iPhone Developer";
				COPY_PHASE_STRIP = YES;
				ENABLE_NS_ASSERTIONS = NO;
				GCC_C_LANGUAGE_STANDARD = gnu99;
				GCC_WARN_64_TO_32_BIT_CONVERSION = YES;
				GCC_WARN_ABOUT_RETURN_TYPE = YES_ERROR;
				GCC_WARN_UNDECLARED_SELECTOR = YES;
				GCC_WARN_UNINITIALIZED_AUTOS = YES_AGGRESSIVE;
				GCC_WARN_UNUSED_FUNCTION = YES;
				GCC_WARN_UNUSED_VARIABLE = YES;
				IPHONEOS_DEPLOYMENT_TARGET = 7.1;
				SDKROOT = iphoneos;
				VALIDATE_PRODUCT = YES;
			};
			name = Release;
		};
		69304B3A18D4923100E9B152 /* Debug */ = {
			isa = XCBuildConfiguration;
			buildSettings = {
				ASSETCATALOG_COMPILER_APPICON_NAME = AppIcon;
				ASSETCATALOG_COMPILER_LAUNCHIMAGE_NAME = LaunchImage;
				GCC_PRECOMPILE_PREFIX_HEADER = YES;
				GCC_PREFIX_HEADER = "ScrollStudderingExample/ScrollStudderingExample-Prefix.pch";
				INFOPLIST_FILE = "ScrollStudderingExample/ScrollStudderingExample-Info.plist";
				PRODUCT_NAME = "$(TARGET_NAME)";
				SPRITEKIT_TEXTURE_ATLAS_OUTPUT = YES;
				WRAPPER_EXTENSION = app;
			};
			name = Debug;
		};
		69304B3B18D4923100E9B152 /* Release */ = {
			isa = XCBuildConfiguration;
			buildSettings = {
				ASSETCATALOG_COMPILER_APPICON_NAME = AppIcon;
				ASSETCATALOG_COMPILER_LAUNCHIMAGE_NAME = LaunchImage;
				GCC_PRECOMPILE_PREFIX_HEADER = YES;
				GCC_PREFIX_HEADER = "ScrollStudderingExample/ScrollStudderingExample-Prefix.pch";
				INFOPLIST_FILE = "ScrollStudderingExample/ScrollStudderingExample-Info.plist";
				PRODUCT_NAME = "$(TARGET_NAME)";
				SPRITEKIT_TEXTURE_ATLAS_OUTPUT = YES;
				WRAPPER_EXTENSION = app;
			};
			name = Release;
		};
		69304B3D18D4923100E9B152 /* Debug */ = {
			isa = XCBuildConfiguration;
			buildSettings = {
				BUNDLE_LOADER = "$(BUILT_PRODUCTS_DIR)/ScrollStudderingExample.app/ScrollStudderingExample";
				FRAMEWORK_SEARCH_PATHS = (
					"$(SDKROOT)/Developer/Library/Frameworks",
					"$(inherited)",
					"$(DEVELOPER_FRAMEWORKS_DIR)",
				);
				GCC_PRECOMPILE_PREFIX_HEADER = YES;
				GCC_PREFIX_HEADER = "ScrollStudderingExample/ScrollStudderingExample-Prefix.pch";
				GCC_PREPROCESSOR_DEFINITIONS = (
					"DEBUG=1",
					"$(inherited)",
				);
				INFOPLIST_FILE = "ScrollStudderingExampleTests/ScrollStudderingExampleTests-Info.plist";
				PRODUCT_NAME = "$(TARGET_NAME)";
				TEST_HOST = "$(BUNDLE_LOADER)";
				WRAPPER_EXTENSION = xctest;
			};
			name = Debug;
		};
		69304B3E18D4923100E9B152 /* Release */ = {
			isa = XCBuildConfiguration;
			buildSettings = {
				BUNDLE_LOADER = "$(BUILT_PRODUCTS_DIR)/ScrollStudderingExample.app/ScrollStudderingExample";
				FRAMEWORK_SEARCH_PATHS = (
					"$(SDKROOT)/Developer/Library/Frameworks",
					"$(inherited)",
					"$(DEVELOPER_FRAMEWORKS_DIR)",
				);
				GCC_PRECOMPILE_PREFIX_HEADER = YES;
				GCC_PREFIX_HEADER = "ScrollStudderingExample/ScrollStudderingExample-Prefix.pch";
				INFOPLIST_FILE = "ScrollStudderingExampleTests/ScrollStudderingExampleTests-Info.plist";
				PRODUCT_NAME = "$(TARGET_NAME)";
				TEST_HOST = "$(BUNDLE_LOADER)";
				WRAPPER_EXTENSION = xctest;
			};
			name = Release;
		};
/* End XCBuildConfiguration section */

/* Begin XCConfigurationList section */
		69304AFB18D4923100E9B152 /* Build configuration list for PBXProject "ScrollStudderingExample" */ = {
			isa = XCConfigurationList;
			buildConfigurations = (
				69304B3718D4923100E9B152 /* Debug */,
				69304B3818D4923100E9B152 /* Release */,
			);
			defaultConfigurationIsVisible = 0;
			defaultConfigurationName = Release;
		};
		69304B3918D4923100E9B152 /* Build configuration list for PBXNativeTarget "ScrollStudderingExample" */ = {
			isa = XCConfigurationList;
			buildConfigurations = (
				69304B3A18D4923100E9B152 /* Debug */,
				69304B3B18D4923100E9B152 /* Release */,
			);
			defaultConfigurationIsVisible = 0;
		};
		69304B3C18D4923100E9B152 /* Build configuration list for PBXNativeTarget "ScrollStudderingExampleTests" */ = {
			isa = XCConfigurationList;
			buildConfigurations = (
				69304B3D18D4923100E9B152 /* Debug */,
				69304B3E18D4923100E9B152 /* Release */,
			);
			defaultConfigurationIsVisible = 0;
		};
/* End XCConfigurationList section */
	};
	rootObject = 69304AF818D4923100E9B152 /* Project object */;
}
